// !$*UTF8*$!
{
	archiveVersion = 1;
	classes = {
	};
	objectVersion = 77;
	objects = {

/* Begin PBXBuildFile section */
		F8E8EFF62D011142004C539B /* Alamofire in Frameworks */ = {isa = PBXBuildFile; productRef = F8E8EFF52D011142004C539B /* Alamofire */; };
		F8E8EFF82D011142004C539B /* AlamofireDynamic in Frameworks */ = {isa = PBXBuildFile; productRef = F8E8EFF72D011142004C539B /* AlamofireDynamic */; };
		F8E8EFFB2D0111AD004C539B /* SDWebImage in Frameworks */ = {isa = PBXBuildFile; productRef = F8E8EFFA2D0111AD004C539B /* SDWebImage */; };
		F8E8EFFD2D0111AD004C539B /* SDWebImageMapKit in Frameworks */ = {isa = PBXBuildFile; productRef = F8E8EFFC2D0111AD004C539B /* SDWebImageMapKit */; };
		F8E8F0002D0111D6004C539B /* SnapKit in Frameworks */ = {isa = PBXBuildFile; productRef = F8E8EFFF2D0111D6004C539B /* SnapKit */; };
		F8E8F0022D0111D6004C539B /* SnapKit-Dynamic in Frameworks */ = {isa = PBXBuildFile; productRef = F8E8F0012D0111D6004C539B /* SnapKit-Dynamic */; };
/* End PBXBuildFile section */

/* Begin PBXContainerItemProxy section */
		F8E8EFC52D010EC3004C539B /* PBXContainerItemProxy */ = {
			isa = PBXContainerItemProxy;
			containerPortal = F8E8EFAB2D010EC2004C539B /* Project object */;
			proxyType = 1;
			remoteGlobalIDString = F8E8EFB22D010EC2004C539B;
			remoteInfo = takeout;
		};
		F8E8EFCF2D010EC3004C539B /* PBXContainerItemProxy */ = {
			isa = PBXContainerItemProxy;
			containerPortal = F8E8EFAB2D010EC2004C539B /* Project object */;
			proxyType = 1;
			remoteGlobalIDString = F8E8EFB22D010EC2004C539B;
			remoteInfo = takeout;
		};
/* End PBXContainerItemProxy section */

/* Begin PBXFileReference section */
		F8E8EFB32D010EC2004C539B /* takeout.app */ = {isa = PBXFileReference; explicitFileType = wrapper.application; includeInIndex = 0; path = takeout.app; sourceTree = BUILT_PRODUCTS_DIR; };
		F8E8EFC42D010EC3004C539B /* takeoutTests.xctest */ = {isa = PBXFileReference; explicitFileType = wrapper.cfbundle; includeInIndex = 0; path = takeoutTests.xctest; sourceTree = BUILT_PRODUCTS_DIR; };
		F8E8EFCE2D010EC3004C539B /* takeoutUITests.xctest */ = {isa = PBXFileReference; explicitFileType = wrapper.cfbundle; includeInIndex = 0; path = takeoutUITests.xctest; sourceTree = BUILT_PRODUCTS_DIR; };
/* End PBXFileReference section */

/* Begin PBXFileSystemSynchronizedRootGroup section */
		F8E8EFB52D010EC2004C539B /* takeout */ = {
			isa = PBXFileSystemSynchronizedRootGroup;
			path = takeout;
			sourceTree = "<group>";
		};
		F8E8EFC72D010EC3004C539B /* takeoutTests */ = {
			isa = PBXFileSystemSynchronizedRootGroup;
			path = takeoutTests;
			sourceTree = "<group>";
		};
		F8E8EFD12D010EC3004C539B /* takeoutUITests */ = {
			isa = PBXFileSystemSynchronizedRootGroup;
			path = takeoutUITests;
			sourceTree = "<group>";
		};
/* End PBXFileSystemSynchronizedRootGroup section */

/* Begin PBXFrameworksBuildPhase section */
		F8E8EFB02D010EC2004C539B /* Frameworks */ = {
			isa = PBXFrameworksBuildPhase;
			buildActionMask = 2147483647;
			files = (
				F8E8EFFB2D0111AD004C539B /* SDWebImage in Frameworks */,
				F8E8EFF62D011142004C539B /* Alamofire in Frameworks */,
				F8E8EFFD2D0111AD004C539B /* SDWebImageMapKit in Frameworks */,
				F8E8EFF82D011142004C539B /* AlamofireDynamic in Frameworks */,
				F8E8F0002D0111D6004C539B /* SnapKit in Frameworks */,
				F8E8F0022D0111D6004C539B /* SnapKit-Dynamic in Frameworks */,
			);
			runOnlyForDeploymentPostprocessing = 0;
		};
		F8E8EFC12D010EC3004C539B /* Frameworks */ = {
			isa = PBXFrameworksBuildPhase;
			buildActionMask = 2147483647;
			files = (
			);
			runOnlyForDeploymentPostprocessing = 0;
		};
		F8E8EFCB2D010EC3004C539B /* Frameworks */ = {
			isa = PBXFrameworksBuildPhase;
			buildActionMask = 2147483647;
			files = (
			);
			runOnlyForDeploymentPostprocessing = 0;
		};
/* End PBXFrameworksBuildPhase section */

/* Begin PBXGroup section */
		F8E8EFAA2D010EC2004C539B = {
			isa = PBXGroup;
			children = (
				F8E8EFB52D010EC2004C539B /* takeout */,
				F8E8EFC72D010EC3004C539B /* takeoutTests */,
				F8E8EFD12D010EC3004C539B /* takeoutUITests */,
				F8E8EFB42D010EC2004C539B /* Products */,
			);
			sourceTree = "<group>";
		};
		F8E8EFB42D010EC2004C539B /* Products */ = {
			isa = PBXGroup;
			children = (
				F8E8EFB32D010EC2004C539B /* takeout.app */,
				F8E8EFC42D010EC3004C539B /* takeoutTests.xctest */,
				F8E8EFCE2D010EC3004C539B /* takeoutUITests.xctest */,
			);
			name = Products;
			sourceTree = "<group>";
		};
/* End PBXGroup section */

/* Begin PBXNativeTarget section */
		F8E8EFB22D010EC2004C539B /* takeout */ = {
			isa = PBXNativeTarget;
			buildConfigurationList = F8E8EFD82D010EC3004C539B /* Build configuration list for PBXNativeTarget "takeout" */;
			buildPhases = (
				F8E8EFAF2D010EC2004C539B /* Sources */,
				F8E8EFB02D010EC2004C539B /* Frameworks */,
				F8E8EFB12D010EC2004C539B /* Resources */,
			);
			buildRules = (
			);
			dependencies = (
			);
			fileSystemSynchronizedGroups = (
				F8E8EFB52D010EC2004C539B /* takeout */,
			);
			name = takeout;
			packageProductDependencies = (
				F8E8EFF52D011142004C539B /* Alamofire */,
				F8E8EFF72D011142004C539B /* AlamofireDynamic */,
				F8E8EFFA2D0111AD004C539B /* SDWebImage */,
				F8E8EFFC2D0111AD004C539B /* SDWebImageMapKit */,
				F8E8EFFF2D0111D6004C539B /* SnapKit */,
				F8E8F0012D0111D6004C539B /* SnapKit-Dynamic */,
			);
			productName = takeout;
			productReference = F8E8EFB32D010EC2004C539B /* takeout.app */;
			productType = "com.apple.product-type.application";
		};
		F8E8EFC32D010EC3004C539B /* takeoutTests */ = {
			isa = PBXNativeTarget;
			buildConfigurationList = F8E8EFDB2D010EC3004C539B /* Build configuration list for PBXNativeTarget "takeoutTests" */;
			buildPhases = (
				F8E8EFC02D010EC3004C539B /* Sources */,
				F8E8EFC12D010EC3004C539B /* Frameworks */,
				F8E8EFC22D010EC3004C539B /* Resources */,
			);
			buildRules = (
			);
			dependencies = (
				F8E8EFC62D010EC3004C539B /* PBXTargetDependency */,
			);
			fileSystemSynchronizedGroups = (
				F8E8EFC72D010EC3004C539B /* takeoutTests */,
			);
			name = takeoutTests;
			packageProductDependencies = (
			);
			productName = takeoutTests;
			productReference = F8E8EFC42D010EC3004C539B /* takeoutTests.xctest */;
			productType = "com.apple.product-type.bundle.unit-test";
		};
		F8E8EFCD2D010EC3004C539B /* takeoutUITests */ = {
			isa = PBXNativeTarget;
			buildConfigurationList = F8E8EFDE2D010EC3004C539B /* Build configuration list for PBXNativeTarget "takeoutUITests" */;
			buildPhases = (
				F8E8EFCA2D010EC3004C539B /* Sources */,
				F8E8EFCB2D010EC3004C539B /* Frameworks */,
				F8E8EFCC2D010EC3004C539B /* Resources */,
			);
			buildRules = (
			);
			dependencies = (
				F8E8EFD02D010EC3004C539B /* PBXTargetDependency */,
			);
			fileSystemSynchronizedGroups = (
				F8E8EFD12D010EC3004C539B /* takeoutUITests */,
			);
			name = takeoutUITests;
			packageProductDependencies = (
			);
			productName = takeoutUITests;
			productReference = F8E8EFCE2D010EC3004C539B /* takeoutUITests.xctest */;
			productType = "com.apple.product-type.bundle.ui-testing";
		};
/* End PBXNativeTarget section */

/* Begin PBXProject section */
		F8E8EFAB2D010EC2004C539B /* Project object */ = {
			isa = PBXProject;
			attributes = {
				BuildIndependentTargetsInParallel = 1;
				LastSwiftUpdateCheck = 1610;
				LastUpgradeCheck = 1610;
				TargetAttributes = {
					F8E8EFB22D010EC2004C539B = {
						CreatedOnToolsVersion = 16.1;
					};
					F8E8EFC32D010EC3004C539B = {
						CreatedOnToolsVersion = 16.1;
						TestTargetID = F8E8EFB22D010EC2004C539B;
					};
					F8E8EFCD2D010EC3004C539B = {
						CreatedOnToolsVersion = 16.1;
						TestTargetID = F8E8EFB22D010EC2004C539B;
					};
				};
			};
			buildConfigurationList = F8E8EFAE2D010EC2004C539B /* Build configuration list for PBXProject "takeout" */;
			developmentRegion = en;
			hasScannedForEncodings = 0;
			knownRegions = (
				en,
				Base,
			);
			mainGroup = F8E8EFAA2D010EC2004C539B;
			minimizedProjectReferenceProxies = 1;
			packageReferences = (
				F8E8EFF42D011142004C539B /* XCRemoteSwiftPackageReference "Alamofire" */,
				F8E8EFF92D0111AD004C539B /* XCRemoteSwiftPackageReference "SDWebImage" */,
				F8E8EFFE2D0111D6004C539B /* XCRemoteSwiftPackageReference "SnapKit" */,
			);
			preferredProjectObjectVersion = 77;
			productRefGroup = F8E8EFB42D010EC2004C539B /* Products */;
			projectDirPath = "";
			projectRoot = "";
			targets = (
				F8E8EFB22D010EC2004C539B /* takeout */,
				F8E8EFC32D010EC3004C539B /* takeoutTests */,
				F8E8EFCD2D010EC3004C539B /* takeoutUITests */,
			);
		};
/* End PBXProject section */

/* Begin PBXResourcesBuildPhase section */
		F8E8EFB12D010EC2004C539B /* Resources */ = {
			isa = PBXResourcesBuildPhase;
			buildActionMask = 2147483647;
			files = (
			);
			runOnlyForDeploymentPostprocessing = 0;
		};
		F8E8EFC22D010EC3004C539B /* Resources */ = {
			isa = PBXResourcesBuildPhase;
			buildActionMask = 2147483647;
			files = (
			);
			runOnlyForDeploymentPostprocessing = 0;
		};
		F8E8EFCC2D010EC3004C539B /* Resources */ = {
			isa = PBXResourcesBuildPhase;
			buildActionMask = 2147483647;
			files = (
			);
			runOnlyForDeploymentPostprocessing = 0;
		};
/* End PBXResourcesBuildPhase section */

/* Begin PBXSourcesBuildPhase section */
		F8E8EFAF2D010EC2004C539B /* Sources */ = {
			isa = PBXSourcesBuildPhase;
			buildActionMask = 2147483647;
			files = (
			);
			runOnlyForDeploymentPostprocessing = 0;
		};
		F8E8EFC02D010EC3004C539B /* Sources */ = {
			isa = PBXSourcesBuildPhase;
			buildActionMask = 2147483647;
			files = (
			);
			runOnlyForDeploymentPostprocessing = 0;
		};
		F8E8EFCA2D010EC3004C539B /* Sources */ = {
			isa = PBXSourcesBuildPhase;
			buildActionMask = 2147483647;
			files = (
			);
			runOnlyForDeploymentPostprocessing = 0;
		};
/* End PBXSourcesBuildPhase section */

/* Begin PBXTargetDependency section */
		F8E8EFC62D010EC3004C539B /* PBXTargetDependency */ = {
			isa = PBXTargetDependency;
			target = F8E8EFB22D010EC2004C539B /* takeout */;
			targetProxy = F8E8EFC52D010EC3004C539B /* PBXContainerItemProxy */;
		};
		F8E8EFD02D010EC3004C539B /* PBXTargetDependency */ = {
			isa = PBXTargetDependency;
			target = F8E8EFB22D010EC2004C539B /* takeout */;
			targetProxy = F8E8EFCF2D010EC3004C539B /* PBXContainerItemProxy */;
		};
/* End PBXTargetDependency section */

/* Begin XCBuildConfiguration section */
		F8E8EFD62D010EC3004C539B /* Debug */ = {
			isa = XCBuildConfiguration;
			buildSettings = {
				ALWAYS_SEARCH_USER_PATHS = NO;
				ASSETCATALOG_COMPILER_GENERATE_SWIFT_ASSET_SYMBOL_EXTENSIONS = YES;
				CLANG_ANALYZER_NONNULL = YES;
				CLANG_ANALYZER_NUMBER_OBJECT_CONVERSION = YES_AGGRESSIVE;
				CLANG_CXX_LANGUAGE_STANDARD = "gnu++20";
				CLANG_ENABLE_MODULES = YES;
				CLANG_ENABLE_OBJC_ARC = YES;
				CLANG_ENABLE_OBJC_WEAK = YES;
				CLANG_WARN_BLOCK_CAPTURE_AUTORELEASING = YES;
				CLANG_WARN_BOOL_CONVERSION = YES;
				CLANG_WARN_COMMA = YES;
				CLANG_WARN_CONSTANT_CONVERSION = YES;
				CLANG_WARN_DEPRECATED_OBJC_IMPLEMENTATIONS = YES;
				CLANG_WARN_DIRECT_OBJC_ISA_USAGE = YES_ERROR;
				CLANG_WARN_DOCUMENTATION_COMMENTS = YES;
				CLANG_WARN_EMPTY_BODY = YES;
				CLANG_WARN_ENUM_CONVERSION = YES;
				CLANG_WARN_INFINITE_RECURSION = YES;
				CLANG_WARN_INT_CONVERSION = YES;
				CLANG_WARN_NON_LITERAL_NULL_CONVERSION = YES;
				CLANG_WARN_OBJC_IMPLICIT_RETAIN_SELF = YES;
				CLANG_WARN_OBJC_LITERAL_CONVERSION = YES;
				CLANG_WARN_OBJC_ROOT_CLASS = YES_ERROR;
				CLANG_WARN_QUOTED_INCLUDE_IN_FRAMEWORK_HEADER = YES;
				CLANG_WARN_RANGE_LOOP_ANALYSIS = YES;
				CLANG_WARN_STRICT_PROTOTYPES = YES;
				CLANG_WARN_SUSPICIOUS_MOVE = YES;
				CLANG_WARN_UNGUARDED_AVAILABILITY = YES_AGGRESSIVE;
				CLANG_WARN_UNREACHABLE_CODE = YES;
				CLANG_WARN__DUPLICATE_METHOD_MATCH = YES;
				COPY_PHASE_STRIP = NO;
				DEBUG_INFORMATION_FORMAT = dwarf;
				ENABLE_STRICT_OBJC_MSGSEND = YES;
				ENABLE_TESTABILITY = YES;
				ENABLE_USER_SCRIPT_SANDBOXING = YES;
				GCC_C_LANGUAGE_STANDARD = gnu17;
				GCC_DYNAMIC_NO_PIC = NO;
				GCC_NO_COMMON_BLOCKS = YES;
				GCC_OPTIMIZATION_LEVEL = 0;
				GCC_PREPROCESSOR_DEFINITIONS = (
					"DEBUG=1",
					"$(inherited)",
				);
				GCC_WARN_64_TO_32_BIT_CONVERSION = YES;
				GCC_WARN_ABOUT_RETURN_TYPE = YES_ERROR;
				GCC_WARN_UNDECLARED_SELECTOR = YES;
				GCC_WARN_UNINITIALIZED_AUTOS = YES_AGGRESSIVE;
				GCC_WARN_UNUSED_FUNCTION = YES;
				GCC_WARN_UNUSED_VARIABLE = YES;
				LOCALIZATION_PREFERS_STRING_CATALOGS = YES;
				MTL_ENABLE_DEBUG_INFO = INCLUDE_SOURCE;
				MTL_FAST_MATH = YES;
				ONLY_ACTIVE_ARCH = YES;
				SWIFT_ACTIVE_COMPILATION_CONDITIONS = "DEBUG $(inherited)";
				SWIFT_OPTIMIZATION_LEVEL = "-Onone";
			};
			name = Debug;
		};
		F8E8EFD72D010EC3004C539B /* Release */ = {
			isa = XCBuildConfiguration;
			buildSettings = {
				ALWAYS_SEARCH_USER_PATHS = NO;
				ASSETCATALOG_COMPILER_GENERATE_SWIFT_ASSET_SYMBOL_EXTENSIONS = YES;
				CLANG_ANALYZER_NONNULL = YES;
				CLANG_ANALYZER_NUMBER_OBJECT_CONVERSION = YES_AGGRESSIVE;
				CLANG_CXX_LANGUAGE_STANDARD = "gnu++20";
				CLANG_ENABLE_MODULES = YES;
				CLANG_ENABLE_OBJC_ARC = YES;
				CLANG_ENABLE_OBJC_WEAK = YES;
				CLANG_WARN_BLOCK_CAPTURE_AUTORELEASING = YES;
				CLANG_WARN_BOOL_CONVERSION = YES;
				CLANG_WARN_COMMA = YES;
				CLANG_WARN_CONSTANT_CONVERSION = YES;
				CLANG_WARN_DEPRECATED_OBJC_IMPLEMENTATIONS = YES;
				CLANG_WARN_DIRECT_OBJC_ISA_USAGE = YES_ERROR;
				CLANG_WARN_DOCUMENTATION_COMMENTS = YES;
				CLANG_WARN_EMPTY_BODY = YES;
				CLANG_WARN_ENUM_CONVERSION = YES;
				CLANG_WARN_INFINITE_RECURSION = YES;
				CLANG_WARN_INT_CONVERSION = YES;
				CLANG_WARN_NON_LITERAL_NULL_CONVERSION = YES;
				CLANG_WARN_OBJC_IMPLICIT_RETAIN_SELF = YES;
				CLANG_WARN_OBJC_LITERAL_CONVERSION = YES;
				CLANG_WARN_OBJC_ROOT_CLASS = YES_ERROR;
				CLANG_WARN_QUOTED_INCLUDE_IN_FRAMEWORK_HEADER = YES;
				CLANG_WARN_RANGE_LOOP_ANALYSIS = YES;
				CLANG_WARN_STRICT_PROTOTYPES = YES;
				CLANG_WARN_SUSPICIOUS_MOVE = YES;
				CLANG_WARN_UNGUARDED_AVAILABILITY = YES_AGGRESSIVE;
				CLANG_WARN_UNREACHABLE_CODE = YES;
				CLANG_WARN__DUPLICATE_METHOD_MATCH = YES;
				COPY_PHASE_STRIP = NO;
				DEBUG_INFORMATION_FORMAT = "dwarf-with-dsym";
				ENABLE_NS_ASSERTIONS = NO;
				ENABLE_STRICT_OBJC_MSGSEND = YES;
				ENABLE_USER_SCRIPT_SANDBOXING = YES;
				GCC_C_LANGUAGE_STANDARD = gnu17;
				GCC_NO_COMMON_BLOCKS = YES;
				GCC_WARN_64_TO_32_BIT_CONVERSION = YES;
				GCC_WARN_ABOUT_RETURN_TYPE = YES_ERROR;
				GCC_WARN_UNDECLARED_SELECTOR = YES;
				GCC_WARN_UNINITIALIZED_AUTOS = YES_AGGRESSIVE;
				GCC_WARN_UNUSED_FUNCTION = YES;
				GCC_WARN_UNUSED_VARIABLE = YES;
				LOCALIZATION_PREFERS_STRING_CATALOGS = YES;
				MTL_ENABLE_DEBUG_INFO = NO;
				MTL_FAST_MATH = YES;
				SWIFT_COMPILATION_MODE = wholemodule;
			};
			name = Release;
		};
		F8E8EFD92D010EC3004C539B /* Debug */ = {
			isa = XCBuildConfiguration;
			buildSettings = {
				ASSETCATALOG_COMPILER_APPICON_NAME = AppIcon;
				ASSETCATALOG_COMPILER_GLOBAL_ACCENT_COLOR_NAME = AccentColor;
				CODE_SIGN_ENTITLEMENTS = takeout/takeout.entitlements;
				CODE_SIGN_STYLE = Automatic;
				CURRENT_PROJECT_VERSION = 1;
				DEVELOPMENT_ASSET_PATHS = "\"takeout/Preview Content\"";
				ENABLE_PREVIEWS = YES;
				GENERATE_INFOPLIST_FILE = YES;
				"INFOPLIST_KEY_UIApplicationSceneManifest_Generation[sdk=iphoneos*]" = YES;
				"INFOPLIST_KEY_UIApplicationSceneManifest_Generation[sdk=iphonesimulator*]" = YES;
				"INFOPLIST_KEY_UIApplicationSupportsIndirectInputEvents[sdk=iphoneos*]" = YES;
				"INFOPLIST_KEY_UIApplicationSupportsIndirectInputEvents[sdk=iphonesimulator*]" = YES;
				"INFOPLIST_KEY_UILaunchScreen_Generation[sdk=iphoneos*]" = YES;
				"INFOPLIST_KEY_UILaunchScreen_Generation[sdk=iphonesimulator*]" = YES;
				"INFOPLIST_KEY_UIStatusBarStyle[sdk=iphoneos*]" = UIStatusBarStyleDefault;
				"INFOPLIST_KEY_UIStatusBarStyle[sdk=iphonesimulator*]" = UIStatusBarStyleDefault;
				INFOPLIST_KEY_UISupportedInterfaceOrientations_iPad = "UIInterfaceOrientationPortrait UIInterfaceOrientationPortraitUpsideDown UIInterfaceOrientationLandscapeLeft UIInterfaceOrientationLandscapeRight";
				INFOPLIST_KEY_UISupportedInterfaceOrientations_iPhone = "UIInterfaceOrientationPortrait UIInterfaceOrientationLandscapeLeft UIInterfaceOrientationLandscapeRight";
				IPHONEOS_DEPLOYMENT_TARGET = 18.1;
				LD_RUNPATH_SEARCH_PATHS = "@executable_path/Frameworks";
				"LD_RUNPATH_SEARCH_PATHS[sdk=macosx*]" = "@executable_path/../Frameworks";
				MACOSX_DEPLOYMENT_TARGET = 15.0;
				MARKETING_VERSION = 1.0;
				PRODUCT_BUNDLE_IDENTIFIER = a.takeout;
				PRODUCT_NAME = "$(TARGET_NAME)";
				SDKROOT = auto;
				SUPPORTED_PLATFORMS = "iphoneos iphonesimulator macosx xros xrsimulator";
				SWIFT_EMIT_LOC_STRINGS = YES;
				SWIFT_VERSION = 5.0;
				TARGETED_DEVICE_FAMILY = "1,2,7";
				XROS_DEPLOYMENT_TARGET = 2.1;
			};
			name = Debug;
		};
		F8E8EFDA2D010EC3004C539B /* Release */ = {
			isa = XCBuildConfiguration;
			buildSettings = {
				ASSETCATALOG_COMPILER_APPICON_NAME = AppIcon;
				ASSETCATALOG_COMPILER_GLOBAL_ACCENT_COLOR_NAME = AccentColor;
				CODE_SIGN_ENTITLEMENTS = takeout/takeout.entitlements;
				CODE_SIGN_STYLE = Automatic;
				CURRENT_PROJECT_VERSION = 1;
				DEVELOPMENT_ASSET_PATHS = "\"takeout/Preview Content\"";
				ENABLE_PREVIEWS = YES;
				GENERATE_INFOPLIST_FILE = YES;
				"INFOPLIST_KEY_UIApplicationSceneManifest_Generation[sdk=iphoneos*]" = YES;
				"INFOPLIST_KEY_UIApplicationSceneManifest_Generation[sdk=iphonesimulator*]" = YES;
				"INFOPLIST_KEY_UIApplicationSupportsIndirectInputEvents[sdk=iphoneos*]" = YES;
				"INFOPLIST_KEY_UIApplicationSupportsIndirectInputEvents[sdk=iphonesimulator*]" = YES;
				"INFOPLIST_KEY_UILaunchScreen_Generation[sdk=iphoneos*]" = YES;
				"INFOPLIST_KEY_UILaunchScreen_Generation[sdk=iphonesimulator*]" = YES;
				"INFOPLIST_KEY_UIStatusBarStyle[sdk=iphoneos*]" = UIStatusBarStyleDefault;
				"INFOPLIST_KEY_UIStatusBarStyle[sdk=iphonesimulator*]" = UIStatusBarStyleDefault;
				INFOPLIST_KEY_UISupportedInterfaceOrientations_iPad = "UIInterfaceOrientationPortrait UIInterfaceOrientationPortraitUpsideDown UIInterfaceOrientationLandscapeLeft UIInterfaceOrientationLandscapeRight";
				INFOPLIST_KEY_UISupportedInterfaceOrientations_iPhone = "UIInterfaceOrientationPortrait UIInterfaceOrientationLandscapeLeft UIInterfaceOrientationLandscapeRight";
				IPHONEOS_DEPLOYMENT_TARGET = 18.1;
				LD_RUNPATH_SEARCH_PATHS = "@executable_path/Frameworks";
				"LD_RUNPATH_SEARCH_PATHS[sdk=macosx*]" = "@executable_path/../Frameworks";
				MACOSX_DEPLOYMENT_TARGET = 15.0;
				MARKETING_VERSION = 1.0;
				PRODUCT_BUNDLE_IDENTIFIER = a.takeout;
				PRODUCT_NAME = "$(TARGET_NAME)";
				SDKROOT = auto;
				SUPPORTED_PLATFORMS = "iphoneos iphonesimulator macosx xros xrsimulator";
				SWIFT_EMIT_LOC_STRINGS = YES;
				SWIFT_VERSION = 5.0;
				TARGETED_DEVICE_FAMILY = "1,2,7";
				XROS_DEPLOYMENT_TARGET = 2.1;
			};
			name = Release;
		};
		F8E8EFDC2D010EC3004C539B /* Debug */ = {
			isa = XCBuildConfiguration;
			buildSettings = {
				BUNDLE_LOADER = "$(TEST_HOST)";
				CODE_SIGN_STYLE = Automatic;
				CURRENT_PROJECT_VERSION = 1;
				GENERATE_INFOPLIST_FILE = YES;
				IPHONEOS_DEPLOYMENT_TARGET = 18.1;
				MACOSX_DEPLOYMENT_TARGET = 15.0;
				MARKETING_VERSION = 1.0;
				PRODUCT_BUNDLE_IDENTIFIER = a.takeoutTests;
				PRODUCT_NAME = "$(TARGET_NAME)";
				SDKROOT = auto;
				SUPPORTED_PLATFORMS = "iphoneos iphonesimulator macosx xros xrsimulator";
				SWIFT_EMIT_LOC_STRINGS = NO;
				SWIFT_VERSION = 5.0;
				TARGETED_DEVICE_FAMILY = "1,2,7";
				TEST_HOST = "$(BUILT_PRODUCTS_DIR)/takeout.app/$(BUNDLE_EXECUTABLE_FOLDER_PATH)/takeout";
				XROS_DEPLOYMENT_TARGET = 2.1;
			};
			name = Debug;
		};
		F8E8EFDD2D010EC3004C539B /* Release */ = {
			isa = XCBuildConfiguration;
			buildSettings = {
				BUNDLE_LOADER = "$(TEST_HOST)";
				CODE_SIGN_STYLE = Automatic;
				CURRENT_PROJECT_VERSION = 1;
				GENERATE_INFOPLIST_FILE = YES;
				IPHONEOS_DEPLOYMENT_TARGET = 18.1;
				MACOSX_DEPLOYMENT_TARGET = 15.0;
				MARKETING_VERSION = 1.0;
				PRODUCT_BUNDLE_IDENTIFIER = a.takeoutTests;
				PRODUCT_NAME = "$(TARGET_NAME)";
				SDKROOT = auto;
				SUPPORTED_PLATFORMS = "iphoneos iphonesimulator macosx xros xrsimulator";
				SWIFT_EMIT_LOC_STRINGS = NO;
				SWIFT_VERSION = 5.0;
				TARGETED_DEVICE_FAMILY = "1,2,7";
				TEST_HOST = "$(BUILT_PRODUCTS_DIR)/takeout.app/$(BUNDLE_EXECUTABLE_FOLDER_PATH)/takeout";
				XROS_DEPLOYMENT_TARGET = 2.1;
			};
			name = Release;
		};
		F8E8EFDF2D010EC3004C539B /* Debug */ = {
			isa = XCBuildConfiguration;
			buildSettings = {
				CODE_SIGN_STYLE = Automatic;
				CURRENT_PROJECT_VERSION = 1;
				GENERATE_INFOPLIST_FILE = YES;
				IPHONEOS_DEPLOYMENT_TARGET = 18.1;
				MACOSX_DEPLOYMENT_TARGET = 15.0;
				MARKETING_VERSION = 1.0;
				PRODUCT_BUNDLE_IDENTIFIER = a.takeoutUITests;
				PRODUCT_NAME = "$(TARGET_NAME)";
				SDKROOT = auto;
				SUPPORTED_PLATFORMS = "iphoneos iphonesimulator macosx xros xrsimulator";
				SWIFT_EMIT_LOC_STRINGS = NO;
				SWIFT_VERSION = 5.0;
				TARGETED_DEVICE_FAMILY = "1,2,7";
				TEST_TARGET_NAME = takeout;
				XROS_DEPLOYMENT_TARGET = 2.1;
			};
			name = Debug;
		};
		F8E8EFE02D010EC3004C539B /* Release */ = {
			isa = XCBuildConfiguration;
			buildSettings = {
				CODE_SIGN_STYLE = Automatic;
				CURRENT_PROJECT_VERSION = 1;
				GENERATE_INFOPLIST_FILE = YES;
				IPHONEOS_DEPLOYMENT_TARGET = 18.1;
				MACOSX_DEPLOYMENT_TARGET = 15.0;
				MARKETING_VERSION = 1.0;
				PRODUCT_BUNDLE_IDENTIFIER = a.takeoutUITests;
				PRODUCT_NAME = "$(TARGET_NAME)";
				SDKROOT = auto;
				SUPPORTED_PLATFORMS = "iphoneos iphonesimulator macosx xros xrsimulator";
				SWIFT_EMIT_LOC_STRINGS = NO;
				SWIFT_VERSION = 5.0;
				TARGETED_DEVICE_FAMILY = "1,2,7";
				TEST_TARGET_NAME = takeout;
				XROS_DEPLOYMENT_TARGET = 2.1;
			};
			name = Release;
		};
/* End XCBuildConfiguration section */

/* Begin XCConfigurationList section */
		F8E8EFAE2D010EC2004C539B /* Build configuration list for PBXProject "takeout" */ = {
			isa = XCConfigurationList;
			buildConfigurations = (
				F8E8EFD62D010EC3004C539B /* Debug */,
				F8E8EFD72D010EC3004C539B /* Release */,
			);
			defaultConfigurationIsVisible = 0;
			defaultConfigurationName = Release;
		};
		F8E8EFD82D010EC3004C539B /* Build configuration list for PBXNativeTarget "takeout" */ = {
			isa = XCConfigurationList;
			buildConfigurations = (
				F8E8EFD92D010EC3004C539B /* Debug */,
				F8E8EFDA2D010EC3004C539B /* Release */,
			);
			defaultConfigurationIsVisible = 0;
			defaultConfigurationName = Release;
		};
		F8E8EFDB2D010EC3004C539B /* Build configuration list for PBXNativeTarget "takeoutTests" */ = {
			isa = XCConfigurationList;
			buildConfigurations = (
				F8E8EFDC2D010EC3004C539B /* Debug */,
				F8E8EFDD2D010EC3004C539B /* Release */,
			);
			defaultConfigurationIsVisible = 0;
			defaultConfigurationName = Release;
		};
		F8E8EFDE2D010EC3004C539B /* Build configuration list for PBXNativeTarget "takeoutUITests" */ = {
			isa = XCConfigurationList;
			buildConfigurations = (
				F8E8EFDF2D010EC3004C539B /* Debug */,
				F8E8EFE02D010EC3004C539B /* Release */,
			);
			defaultConfigurationIsVisible = 0;
			defaultConfigurationName = Release;
		};
/* End XCConfigurationList section */

/* Begin XCRemoteSwiftPackageReference section */
		F8E8EFF42D011142004C539B /* XCRemoteSwiftPackageReference "Alamofire" */ = {
			isa = XCRemoteSwiftPackageReference;
			repositoryURL = "https://github.com/Alamofire/Alamofire";
			requirement = {
				kind = upToNextMajorVersion;
				minimumVersion = 5.10.2;
			};
		};
		F8E8EFF92D0111AD004C539B /* XCRemoteSwiftPackageReference "SDWebImage" */ = {
			isa = XCRemoteSwiftPackageReference;
			repositoryURL = "https://github.com/SDWebImage/SDWebImage";
			requirement = {
				kind = upToNextMajorVersion;
				minimumVersion = 5.20.0;
			};
		};
		F8E8EFFE2D0111D6004C539B /* XCRemoteSwiftPackageReference "SnapKit" */ = {
			isa = XCRemoteSwiftPackageReference;
			repositoryURL = "https://github.com/SnapKit/SnapKit";
			requirement = {
				kind = upToNextMajorVersion;
				minimumVersion = 5.7.1;
			};
		};
/* End XCRemoteSwiftPackageReference section */

/* Begin XCSwiftPackageProductDependency section */
		F8E8EFF52D011142004C539B /* Alamofire */ = {
			isa = XCSwiftPackageProductDependency;
			package = F8E8EFF42D011142004C539B /* XCRemoteSwiftPackageReference "Alamofire" */;
			productName = Alamofire;
		};
		F8E8EFF72D011142004C539B /* AlamofireDynamic */ = {
			isa = XCSwiftPackageProductDependency;
			package = F8E8EFF42D011142004C539B /* XCRemoteSwiftPackageReference "Alamofire" */;
			productName = AlamofireDynamic;
		};
		F8E8EFFA2D0111AD004C539B /* SDWebImage */ = {
			isa = XCSwiftPackageProductDependency;
			package = F8E8EFF92D0111AD004C539B /* XCRemoteSwiftPackageReference "SDWebImage" */;
			productName = SDWebImage;
		};
		F8E8EFFC2D0111AD004C539B /* SDWebImageMapKit */ = {
			isa = XCSwiftPackageProductDependency;
			package = F8E8EFF92D0111AD004C539B /* XCRemoteSwiftPackageReference "SDWebImage" */;
			productName = SDWebImageMapKit;
		};
		F8E8EFFF2D0111D6004C539B /* SnapKit */ = {
			isa = XCSwiftPackageProductDependency;
			package = F8E8EFFE2D0111D6004C539B /* XCRemoteSwiftPackageReference "SnapKit" */;
			productName = SnapKit;
		};
		F8E8F0012D0111D6004C539B /* SnapKit-Dynamic */ = {
			isa = XCSwiftPackageProductDependency;
			package = F8E8EFFE2D0111D6004C539B /* XCRemoteSwiftPackageReference "SnapKit" */;
			productName = "SnapKit-Dynamic";
		};
/* End XCSwiftPackageProductDependency section */
	};
	rootObject = F8E8EFAB2D010EC2004C539B /* Project object */;
}
